
Microsoft Visual Studio Solution File, Format Version 12.00
# Visual Studio Version 16
VisualStudioVersion = 16.0.810.19
MinimumVisualStudioVersion = 10.0.40219.1
Project("{FAE04EC0-301F-11D3-BF4B-00C04F79EFBC}") = "lab2", "lab2\lab2.csproj", "{8BC46AB7-2B36-426B-86A6-C0DE375DC7EE}"
EndProject
Global
	GlobalSection(SolutionConfigurationPlatforms) = preSolution
		Debug|Any CPU = Debug|Any CPU
		Release|Any CPU = Release|Any CPU
	EndGlobalSection
	GlobalSection(ProjectConfigurationPlatforms) = postSolution
		{8BC46AB7-2B36-426B-86A6-C0DE375DC7EE}.Debug|Any CPU.ActiveCfg = Debug|Any CPU
		{8BC46AB7-2B36-426B-86A6-C0DE375DC7EE}.Debug|Any CPU.Build.0 = Debug|Any CPU
		{8BC46AB7-2B36-426B-86A6-C0DE375DC7EE}.Release|Any CPU.ActiveCfg = Release|Any CPU
		{8BC46AB7-2B36-426B-86A6-C0DE375DC7EE}.Release|Any CPU.Build.0 = Release|Any CPU
	EndGlobalSection
	GlobalSection(SolutionProperties) = preSolution
		HideSolutionNode = FALSE
	EndGlobalSection
	GlobalSection(ExtensibilityGlobals) = postSolution
		SolutionGuid = {764ECB1B-F152-4805-9244-B969B8F9054A}
	EndGlobalSection
EndGlobal
